
Microsoft Visual Studio Solution File, Format Version 12.00
# Visual Studio Version 17
VisualStudioVersion = 17.14.36623.8 d17.14
MinimumVisualStudioVersion = 10.0.40219.1
Project("{FAE04EC0-301F-11D3-BF4B-00C04F79EFBC}") = "Proyecto #2 Datos Arbol Genealogico", "Proyecto #2 Datos Arbol Genealogico.csproj", "{64AE8292-47C6-43A7-A887-EC3039CF8DEF}"
EndProject
Global
	GlobalSection(SolutionConfigurationPlatforms) = preSolution
		Debug|Any CPU = Debug|Any CPU
		Release|Any CPU = Release|Any CPU
	EndGlobalSection
	GlobalSection(ProjectConfigurationPlatforms) = postSolution
		{64AE8292-47C6-43A7-A887-EC3039CF8DEF}.Debug|Any CPU.ActiveCfg = Debug|Any CPU
		{64AE8292-47C6-43A7-A887-EC3039CF8DEF}.Debug|Any CPU.Build.0 = Debug|Any CPU
		{64AE8292-47C6-43A7-A887-EC3039CF8DEF}.Release|Any CPU.ActiveCfg = Release|Any CPU
		{64AE8292-47C6-43A7-A887-EC3039CF8DEF}.Release|Any CPU.Build.0 = Release|Any CPU
	EndGlobalSection
	GlobalSection(SolutionProperties) = preSolution
		HideSolutionNode = FALSE
	EndGlobalSection
	GlobalSection(ExtensibilityGlobals) = postSolution
		SolutionGuid = {848C720F-E108-4BB6-9391-72A7E38F0252}
	EndGlobalSection
EndGlobal
